
Microsoft Visual Studio Solution File, Format Version 12.00
# Visual Studio Version 17
VisualStudioVersion = 17.8.34330.188
MinimumVisualStudioVersion = 10.0.40219.1
Project("{9A19103F-16F7-4668-BE54-9A1E7A4F7556}") = "ReactWithASP.Server", "ReactWithASP.Server\ReactWithASP.Server.csproj", "{A78468E0-66F2-41BD-AC15-A9856DA2DC3D}"
EndProject
Project("{54A90642-561A-4BB1-A94E-469ADEE60C69}") = "reactwithasp.client", "reactwithasp.client\reactwithasp.client.esproj", "{DD49BF31-F5D3-4A5B-AC48-CF830BC519FE}"
EndProject
Project("{FAE04EC0-301F-11D3-BF4B-00C04F79EFBC}") = "ClassLibrary1", "ClassLibrary1\ClassLibrary1.csproj", "{A154258A-F78D-434A-9B7A-764BBA7DDBBF}"
EndProject
Global
	GlobalSection(SolutionConfigurationPlatforms) = preSolution
		Debug|Any CPU = Debug|Any CPU
		Release|Any CPU = Release|Any CPU
	EndGlobalSection
	GlobalSection(ProjectConfigurationPlatforms) = postSolution
		{A78468E0-66F2-41BD-AC15-A9856DA2DC3D}.Debug|Any CPU.ActiveCfg = Debug|Any CPU
		{A78468E0-66F2-41BD-AC15-A9856DA2DC3D}.Debug|Any CPU.Build.0 = Debug|Any CPU
		{A78468E0-66F2-41BD-AC15-A9856DA2DC3D}.Release|Any CPU.ActiveCfg = Release|Any CPU
		{A78468E0-66F2-41BD-AC15-A9856DA2DC3D}.Release|Any CPU.Build.0 = Release|Any CPU
		{DD49BF31-F5D3-4A5B-AC48-CF830BC519FE}.Debug|Any CPU.ActiveCfg = Debug|Any CPU
		{DD49BF31-F5D3-4A5B-AC48-CF830BC519FE}.Debug|Any CPU.Build.0 = Debug|Any CPU
		{DD49BF31-F5D3-4A5B-AC48-CF830BC519FE}.Debug|Any CPU.Deploy.0 = Debug|Any CPU
		{DD49BF31-F5D3-4A5B-AC48-CF830BC519FE}.Release|Any CPU.ActiveCfg = Release|Any CPU
		{DD49BF31-F5D3-4A5B-AC48-CF830BC519FE}.Release|Any CPU.Build.0 = Release|Any CPU
		{DD49BF31-F5D3-4A5B-AC48-CF830BC519FE}.Release|Any CPU.Deploy.0 = Release|Any CPU
		{A154258A-F78D-434A-9B7A-764BBA7DDBBF}.Debug|Any CPU.ActiveCfg = Debug|Any CPU
		{A154258A-F78D-434A-9B7A-764BBA7DDBBF}.Debug|Any CPU.Build.0 = Debug|Any CPU
		{A154258A-F78D-434A-9B7A-764BBA7DDBBF}.Release|Any CPU.ActiveCfg = Release|Any CPU
		{A154258A-F78D-434A-9B7A-764BBA7DDBBF}.Release|Any CPU.Build.0 = Release|Any CPU
	EndGlobalSection
	GlobalSection(SolutionProperties) = preSolution
		HideSolutionNode = FALSE
	EndGlobalSection
	GlobalSection(ExtensibilityGlobals) = postSolution
		SolutionGuid = {7A46FC4E-5B33-415F-B6BF-A90D412543FB}
	EndGlobalSection
EndGlobal
